{
  "name": "ad-entry",
  "version": "1.0.0",
  "lockfileVersion": 1,
  "requires": true,
  "dependencies": {
    "ad-assets": {
      "version": "git://github.com/ff0000-ad-tech/ad-assets.git#368593fb8286e8f0489dd9c72fe3d2708deaff01"
    },
    "ad-control": {
      "version": "file:../ad-control",
      "requires": {
        "ad-events": "file:../ad-events",
        "ad-external": "file:../ad-external",
        "ad-geom": "file:../ad-geom",
        "ad-load": "file:../ad-load"
      },
      "dependencies": {
        "ad-events": {
          "version": "file:../ad-events",
          "bundled": true
        },
        "ad-external": {
          "version": "file:../ad-external",
          "bundled": true
        },
        "ad-geom": {
          "version": "file:../ad-geom",
          "bundled": true
        },
        "ad-load": {
          "version": "file:../ad-load",
          "bundled": true
        }
      }
    },
    "ad-load": {
      "version": "git://github.com/ff0000-ad-tech/ad-load.git#a71e2636f8cbcfccc76607944dece7f50da88f03"
    },
    "ad-polyfills": {
      "version": "git://github.com/ff0000-ad-tech/ad-polyfills.git#2a0f2c656621b4cc999bef3ab242cc06d8c32315"
    }
  }
}
